version = 1
revision = 3
requires-python = ">=3.14"

[[package]]
name = "charset-normalizer"
version = "3.4.6"
source = { registry = "https://pypi.org/simple" }
sdist = { url = "https://files.pythonhosted.org/packages/7b/60/e3bec1881450851b087e301bedc3daa9377a4d45f1c26aa90b0b235e38aa/charset_normalizer-3.4.6.tar.gz", hash = "sha256:1ae6b62897110aa7c79ea2f5dd38d1abca6db663687c0b1ad9aed6f6bae3d9d6", size = 143363, upload-time = "2026-03-15T18:53:25.478Z" }
wheels = [
    { url = "https://files.pythonhosted.org/packages/25/6f/ffe1e1259f384594063ea1869bfb6be5cdb8bc81020fc36c3636bc8302a1/charset_normalizer-3.4.6-cp314-cp314-macosx_10_15_universal2.whl", hash = "sha256:9cc6e6d9e571d2f863fa77700701dae73ed5f78881efc8b3f9a4398772ff53e8", size = 294458, upload-time = "2026-03-15T18:51:41.134Z" },
    { url = "https://files.pythonhosted.org/packages/56/60/09bb6c13a8c1016c2ed5c6a6488e4ffef506461aa5161662bd7636936fb1/charset_normalizer-3.4.6-cp314-cp314-manylinux2014_aarch64.manylinux_2_17_aarch64.manylinux_2_28_aarch64.whl", hash = "sha256:ef5960d965e67165d75b7c7ffc60a83ec5abfc5c11b764ec13ea54fbef8b4421", size = 199277, upload-time = "2026-03-15T18:51:42.953Z" },
    { url = "https://files.pythonhosted.org/packages/00/50/dcfbb72a5138bbefdc3332e8d81a23494bf67998b4b100703fd15fa52d81/charset_normalizer-3.4.6-cp314-cp314-manylinux2014_ppc64le.manylinux_2_17_ppc64le.manylinux_2_28_ppc64le.whl", hash = "sha256:b3694e3f87f8ac7ce279d4355645b3c878d24d1424581b46282f24b92f5a4ae2", size = 218758, upload-time = "2026-03-15T18:51:44.339Z" },
    { url = "https://files.pythonhosted.org/packages/03/b3/d79a9a191bb75f5aa81f3aaaa387ef29ce7cb7a9e5074ba8ea095cc073c2/charset_normalizer-3.4.6-cp314-cp314-manylinux2014_s390x.manylinux_2_17_s390x.manylinux_2_28_s390x.whl", hash = "sha256:5d11595abf8dd942a77883a39d81433739b287b6aa71620f15164f8096221b30", size = 215299, upload-time = "2026-03-15T18:51:45.871Z" },
    { url = "https://files.pythonhosted.org/packages/76/7e/bc8911719f7084f72fd545f647601ea3532363927f807d296a8c88a62c0d/charset_normalizer-3.4.6-cp314-cp314-manylinux2014_x86_64.manylinux_2_17_x86_64.manylinux_2_28_x86_64.whl", hash = "sha256:7bda6eebafd42133efdca535b04ccb338ab29467b3f7bf79569883676fc628db", size = 206811, upload-time = "2026-03-15T18:51:47.308Z" },
    { url = "https://files.pythonhosted.org/packages/e2/40/c430b969d41dda0c465aa36cc7c2c068afb67177bef50905ac371b28ccc7/charset_normalizer-3.4.6-cp314-cp314-manylinux_2_31_armv7l.whl", hash = "sha256:bbc8c8650c6e51041ad1be191742b8b421d05bbd3410f43fa2a00c8db87678e8", size = 193706, upload-time = "2026-03-15T18:51:48.849Z" },
    { url = "https://files.pythonhosted.org/packages/48/15/e35e0590af254f7df984de1323640ef375df5761f615b6225ba8deb9799a/charset_normalizer-3.4.6-cp314-cp314-manylinux_2_31_riscv64.manylinux_2_39_riscv64.whl", hash = "sha256:22c6f0c2fbc31e76c3b8a86fba1a56eda6166e238c29cdd3d14befdb4a4e4815", size = 202706, upload-time = "2026-03-15T18:51:50.257Z" },
    { url = "https://files.pythonhosted.org/packages/5e/bd/f736f7b9cc5e93a18b794a50346bb16fbfd6b37f99e8f306f7951d27c17c/charset_normalizer-3.4.6-cp314-cp314-musllinux_1_2_aarch64.whl", hash = "sha256:7edbed096e4a4798710ed6bc75dcaa2a21b68b6c356553ac4823c3658d53743a", size = 202497, upload-time = "2026-03-15T18:51:52.012Z" },
    { url = "https://files.pythonhosted.org/packages/9d/ba/2cc9e3e7dfdf7760a6ed8da7446d22536f3d0ce114ac63dee2a5a3599e62/charset_normalizer-3.4.6-cp314-cp314-musllinux_1_2_armv7l.whl", hash = "sha256:7f9019c9cb613f084481bd6a100b12e1547cf2efe362d873c2e31e4035a6fa43", size = 193511, upload-time = "2026-03-15T18:51:53.723Z" },
    { url = "https://files.pythonhosted.org/packages/9e/cb/5be49b5f776e5613be07298c80e1b02a2d900f7a7de807230595c85a8b2e/charset_normalizer-3.4.6-cp314-cp314-musllinux_1_2_ppc64le.whl", hash = "sha256:58c948d0d086229efc484fe2f30c2d382c86720f55cd9bc33591774348ad44e0", size = 220133, upload-time = "2026-03-15T18:51:55.333Z" },
    { url = "https://files.pythonhosted.org/packages/83/43/99f1b5dad345accb322c80c7821071554f791a95ee50c1c90041c157ae99/charset_normalizer-3.4.6-cp314-cp314-musllinux_1_2_riscv64.whl", hash = "sha256:419a9d91bd238052642a51938af8ac05da5b3343becde08d5cdeab9046df9ee1", size = 203035, upload-time = "2026-03-15T18:51:56.736Z" },
    { url = "https://files.pythonhosted.org/packages/87/9a/62c2cb6a531483b55dddff1a68b3d891a8b498f3ca555fbcf2978e804d9d/charset_normalizer-3.4.6-cp314-cp314-musllinux_1_2_s390x.whl", hash = "sha256:5273b9f0b5835ff0350c0828faea623c68bfa65b792720c453e22b25cc72930f", size = 216321, upload-time = "2026-03-15T18:51:58.17Z" },
    { url = "https://files.pythonhosted.org/packages/6e/79/94a010ff81e3aec7c293eb82c28f930918e517bc144c9906a060844462eb/charset_normalizer-3.4.6-cp314-cp314-musllinux_1_2_x86_64.whl", hash = "sha256:0e901eb1049fdb80f5bd11ed5ea1e498ec423102f7a9b9e4645d5b8204ff2815", size = 208973, upload-time = "2026-03-15T18:51:59.998Z" },
    { url = "https://files.pythonhosted.org/packages/2a/57/4ecff6d4ec8585342f0c71bc03efaa99cb7468f7c91a57b105bcd561cea8/charset_normalizer-3.4.6-cp314-cp314-win32.whl", hash = "sha256:b4ff1d35e8c5bd078be89349b6f3a845128e685e751b6ea1169cf2160b344c4d", size = 144610, upload-time = "2026-03-15T18:52:02.213Z" },
    { url = "https://files.pythonhosted.org/packages/80/94/8434a02d9d7f168c25767c64671fead8d599744a05d6a6c877144c754246/charset_normalizer-3.4.6-cp314-cp314-win_amd64.whl", hash = "sha256:74119174722c4349af9708993118581686f343adc1c8c9c007d59be90d077f3f", size = 154962, upload-time = "2026-03-15T18:52:03.658Z" },
    { url = "https://files.pythonhosted.org/packages/46/4c/48f2cdbfd923026503dfd67ccea45c94fd8fe988d9056b468579c66ed62b/charset_normalizer-3.4.6-cp314-cp314-win_arm64.whl", hash = "sha256:e5bcc1a1ae744e0bb59641171ae53743760130600da8db48cbb6e4918e186e4e", size = 143595, upload-time = "2026-03-15T18:52:05.123Z" },
    { url = "https://files.pythonhosted.org/packages/31/93/8878be7569f87b14f1d52032946131bcb6ebbd8af3e20446bc04053dc3f1/charset_normalizer-3.4.6-cp314-cp314t-macosx_10_15_universal2.whl", hash = "sha256:ad8faf8df23f0378c6d527d8b0b15ea4a2e23c89376877c598c4870d1b2c7866", size = 314828, upload-time = "2026-03-15T18:52:06.831Z" },
    { url = "https://files.pythonhosted.org/packages/06/b6/fae511ca98aac69ecc35cde828b0a3d146325dd03d99655ad38fc2cc3293/charset_normalizer-3.4.6-cp314-cp314t-manylinux2014_aarch64.manylinux_2_17_aarch64.manylinux_2_28_aarch64.whl", hash = "sha256:f5ea69428fa1b49573eef0cc44a1d43bebd45ad0c611eb7d7eac760c7ae771bc", size = 208138, upload-time = "2026-03-15T18:52:08.239Z" },
    { url = "https://files.pythonhosted.org/packages/54/57/64caf6e1bf07274a1e0b7c160a55ee9e8c9ec32c46846ce59b9c333f7008/charset_normalizer-3.4.6-cp314-cp314t-manylinux2014_ppc64le.manylinux_2_17_ppc64le.manylinux_2_28_ppc64le.whl", hash = "sha256:06a7e86163334edfc5d20fe104db92fcd666e5a5df0977cb5680a506fe26cc8e", size = 224679, upload-time = "2026-03-15T18:52:10.043Z" },
    { url = "https://files.pythonhosted.org/packages/aa/cb/9ff5a25b9273ef160861b41f6937f86fae18b0792fe0a8e75e06acb08f1d/charset_normalizer-3.4.6-cp314-cp314t-manylinux2014_s390x.manylinux_2_17_s390x.manylinux_2_28_s390x.whl", hash = "sha256:e1f6e2f00a6b8edb562826e4632e26d063ac10307e80f7461f7de3ad8ef3f077", size = 223475, upload-time = "2026-03-15T18:52:11.854Z" },
    { url = "https://files.pythonhosted.org/packages/fc/97/440635fc093b8d7347502a377031f9605a1039c958f3cd18dcacffb37743/charset_normalizer-3.4.6-cp314-cp314t-manylinux2014_x86_64.manylinux_2_17_x86_64.manylinux_2_28_x86_64.whl", hash = "sha256:95b52c68d64c1878818687a473a10547b3292e82b6f6fe483808fb1468e2f52f", size = 215230, upload-time = "2026-03-15T18:52:13.325Z" },
    { url = "https://files.pythonhosted.org/packages/cd/24/afff630feb571a13f07c8539fbb502d2ab494019492aaffc78ef41f1d1d0/charset_normalizer-3.4.6-cp314-cp314t-manylinux_2_31_armv7l.whl", hash = "sha256:7504e9b7dc05f99a9bbb4525c67a2c155073b44d720470a148b34166a69c054e", size = 199045, upload-time = "2026-03-15T18:52:14.752Z" },
    { url = "https://files.pythonhosted.org/packages/e5/17/d1399ecdaf7e0498c327433e7eefdd862b41236a7e484355b8e0e5ebd64b/charset_normalizer-3.4.6-cp314-cp314t-manylinux_2_31_riscv64.manylinux_2_39_riscv64.whl", hash = "sha256:172985e4ff804a7ad08eebec0a1640ece87ba5041d565fff23c8f99c1f389484", size = 211658, upload-time = "2026-03-15T18:52:16.278Z" },
    { url = "https://files.pythonhosted.org/packages/b5/38/16baa0affb957b3d880e5ac2144caf3f9d7de7bc4a91842e447fbb5e8b67/charset_normalizer-3.4.6-cp314-cp314t-musllinux_1_2_aarch64.whl", hash = "sha256:4be9f4830ba8741527693848403e2c457c16e499100963ec711b1c6f2049b7c7", size = 210769, upload-time = "2026-03-15T18:52:17.782Z" },
    { url = "https://files.pythonhosted.org/packages/05/34/c531bc6ac4c21da9ddfddb3107be2287188b3ea4b53b70fc58f2a77ac8d8/charset_normalizer-3.4.6-cp314-cp314t-musllinux_1_2_armv7l.whl", hash = "sha256:79090741d842f564b1b2827c0b82d846405b744d31e84f18d7a7b41c20e473ff", size = 201328, upload-time = "2026-03-15T18:52:19.553Z" },
    { url = "https://files.pythonhosted.org/packages/fa/73/a5a1e9ca5f234519c1953608a03fe109c306b97fdfb25f09182babad51a7/charset_normalizer-3.4.6-cp314-cp314t-musllinux_1_2_ppc64le.whl", hash = "sha256:87725cfb1a4f1f8c2fc9890ae2f42094120f4b44db9360be5d99a4c6b0e03a9e", size = 225302, upload-time = "2026-03-15T18:52:21.043Z" },
    { url = "https://files.pythonhosted.org/packages/ba/f6/cd782923d112d296294dea4bcc7af5a7ae0f86ab79f8fefbda5526b6cfc0/charset_normalizer-3.4.6-cp314-cp314t-musllinux_1_2_riscv64.whl", hash = "sha256:fcce033e4021347d80ed9c66dcf1e7b1546319834b74445f561d2e2221de5659", size = 211127, upload-time = "2026-03-15T18:52:22.491Z" },
    { url = "https://files.pythonhosted.org/packages/0e/c5/0b6898950627af7d6103a449b22320372c24c6feda91aa24e201a478d161/charset_normalizer-3.4.6-cp314-cp314t-musllinux_1_2_s390x.whl", hash = "sha256:ca0276464d148c72defa8bb4390cce01b4a0e425f3b50d1435aa6d7a18107602", size = 222840, upload-time = "2026-03-15T18:52:24.113Z" },
    { url = "https://files.pythonhosted.org/packages/7d/25/c4bba773bef442cbdc06111d40daa3de5050a676fa26e85090fc54dd12f0/charset_normalizer-3.4.6-cp314-cp314t-musllinux_1_2_x86_64.whl", hash = "sha256:197c1a244a274bb016dd8b79204850144ef77fe81c5b797dc389327adb552407", size = 216890, upload-time = "2026-03-15T18:52:25.541Z" },
    { url = "https://files.pythonhosted.org/packages/35/1a/05dacadb0978da72ee287b0143097db12f2e7e8d3ffc4647da07a383b0b7/charset_normalizer-3.4.6-cp314-cp314t-win32.whl", hash = "sha256:2a24157fa36980478dd1770b585c0f30d19e18f4fb0c47c13aa568f871718579", size = 155379, upload-time = "2026-03-15T18:52:27.05Z" },
    { url = "https://files.pythonhosted.org/packages/5d/7a/d269d834cb3a76291651256f3b9a5945e81d0a49ab9f4a498964e83c0416/charset_normalizer-3.4.6-cp314-cp314t-win_amd64.whl", hash = "sha256:cd5e2801c89992ed8c0a3f0293ae83c159a60d9a5d685005383ef4caca77f2c4", size = 169043, upload-time = "2026-03-15T18:52:28.502Z" },
    { url = "https://files.pythonhosted.org/packages/23/06/28b29fba521a37a8932c6a84192175c34d49f84a6d4773fa63d05f9aff22/charset_normalizer-3.4.6-cp314-cp314t-win_arm64.whl", hash = "sha256:47955475ac79cc504ef2704b192364e51d0d473ad452caedd0002605f780101c", size = 148523, upload-time = "2026-03-15T18:52:29.956Z" },
    { url = "https://files.pythonhosted.org/packages/2a/68/687187c7e26cb24ccbd88e5069f5ef00eba804d36dde11d99aad0838ab45/charset_normalizer-3.4.6-py3-none-any.whl", hash = "sha256:947cf925bc916d90adba35a64c82aace04fa39b46b52d4630ece166655905a69", size = 61455, upload-time = "2026-03-15T18:53:23.833Z" },
]

[[package]]
name = "colorama"
version = "0.4.6"
source = { registry = "https://pypi.org/simple" }
sdist = { url = "https://files.pythonhosted.org/packages/d8/53/6f443c9a4a8358a93a6792e2acffb9d9d5cb0a5cfd8802644b7b1c9a02e4/colorama-0.4.6.tar.gz", hash = "sha256:08695f5cb7ed6e0531a20572697297273c47b8cae5a63ffc6d6ed5c201be6e44", size = 27697, upload-time = "2022-10-25T02:36:22.414Z" }
wheels = [
    { url = "https://files.pythonhosted.org/packages/d1/d6/3965ed04c63042e047cb6a3e6ed1a63a35087b6a609aa3a15ed8ac56c221/colorama-0.4.6-py2.py3-none-any.whl", hash = "sha256:4f1d9991f5acc0ca119f9d443620b77f9d6b33703e51011c16baf57afb285fc6", size = 25335, upload-time = "2022-10-25T02:36:20.889Z" },
]

[[package]]
name = "h11"
version = "0.16.0"
source = { registry = "https://pypi.org/simple" }
sdist = { url = "https://files.pythonhosted.org/packages/01/ee/02a2c011bdab74c6fb3c75474d40b3052059d95df7e73351460c8588d963/h11-0.16.0.tar.gz", hash = "sha256:4e35b956cf45792e4caa5885e69fba00bdbc6ffafbfa020300e549b208ee5ff1", size = 101250, upload-time = "2025-04-24T03:35:25.427Z" }
wheels = [
    { url = "https://files.pythonhosted.org/packages/04/4b/29cac41a4d98d144bf5f6d33995617b185d14b22401f75ca86f384e87ff1/h11-0.16.0-py3-none-any.whl", hash = "sha256:63cf8bbe7522de3bf65932fda1d9c2772064ffb3dae62d55932da54b31cb6c86", size = 37515, upload-time = "2025-04-24T03:35:24.344Z" },
]

[[package]]
name = "jh2"
version = "5.0.10"
source = { registry = "https://pypi.org/simple" }
sdist = { url = "https://files.pythonhosted.org/packages/1b/ed/466eb2a162d9cfaa8452e9a05d24b4fc11d4cf84cf27f5a71457dc590323/jh2-5.0.10.tar.gz", hash = "sha256:2c737a47bee50dc727f7a766185e110befdceba5efb1c4fa240b1e4399291487", size = 7301475, upload-time = "2025-10-05T06:18:59.414Z" }
wheels = [
    { url = "https://files.pythonhosted.org/packages/62/2d/d1d5161adadacd04afb98016c86ca3c429e89ec5e46a93c1f9bd613d9e2e/jh2-5.0.10-cp314-cp314t-macosx_10_12_x86_64.macosx_11_0_arm64.macosx_10_12_universal2.whl", hash = "sha256:e340215fa14b914096aa2e0960798603939f6bc85e9467057121c3aae4eadda1", size = 603721, upload-time = "2025-10-05T06:16:44.48Z" },
    { url = "https://files.pythonhosted.org/packages/77/88/06dd26cfd8e47f8b573af4be09161d0b0b3a26357cb5224da4ceebbb9d11/jh2-5.0.10-cp314-cp314t-manylinux_2_17_aarch64.manylinux2014_aarch64.whl", hash = "sha256:6124124ea77ba77b22cb1f66554eddd61b14a2ce0bb2bc2032d91c3a2b9cbfed", size = 379003, upload-time = "2025-10-05T06:16:46.185Z" },
    { url = "https://files.pythonhosted.org/packages/d6/37/e6abb173b034151eca851ad18908f97cb984bf657c744a4ee72bd4836862/jh2-5.0.10-cp314-cp314t-manylinux_2_17_armv7l.manylinux2014_armv7l.whl", hash = "sha256:db95f18b629f5dc914cf962725b7dfcb9673c4bb06e50d654426615c3d8d88d2", size = 389806, upload-time = "2025-10-05T06:16:47.759Z" },
    { url = "https://files.pythonhosted.org/packages/bd/aa/158f6ebafac187f80837d024b864e547ffe4a0ffa4df368c6b5d1dd20f49/jh2-5.0.10-cp314-cp314t-manylinux_2_17_ppc64.manylinux2014_ppc64.whl", hash = "sha256:c16af652777ce4edc0627d037ac5195b921665b2e13e3547782116ce5a62cd5a", size = 528227, upload-time = "2025-10-05T06:16:48.98Z" },
    { url = "https://files.pythonhosted.org/packages/2e/26/4fe6ec57e9e6610443dea281a246b86438f9f6ea090adee4095ce3096f70/jh2-5.0.10-cp314-cp314t-manylinux_2_17_ppc64le.manylinux2014_ppc64le.whl", hash = "sha256:e0190daf5b65fbf52641ba761d1b895b74abcdb671ca1fb6cd138dd49050cfa8", size = 521170, upload-time = "2025-10-05T06:16:50.274Z" },
    { url = "https://files.pythonhosted.org/packages/d8/87/bbbaf7f146788544c5584142a7a4f5997147d65588ceed4a1ac769b7ab2d/jh2-5.0.10-cp314-cp314t-manylinux_2_17_s390x.manylinux2014_s390x.whl", hash = "sha256:578394d8a9409d540b45138cbecb9d611830ccce6c7f81157c96f2d8d54abd5a", size = 409999, upload-time = "2025-10-05T06:16:51.691Z" },
    { url = "https://files.pythonhosted.org/packages/0d/6f/ff1df3a83daa557e30ce0df48cf789a7faa0521ac56014e38fdd68457e79/jh2-5.0.10-cp314-cp314t-manylinux_2_17_x86_64.manylinux2014_x86_64.whl", hash = "sha256:108143494bba0b1bf5f8cd205f9c659667235e788d3e3f0f454ad8e52f2c8056", size = 386010, upload-time = "2025-10-05T06:16:53.256Z" },
    { url = "https://files.pythonhosted.org/packages/7a/c7/e3ba47b2cc066b99084278fd77828a2689c59e443cdf8089bd3411deb2e7/jh2-5.0.10-cp314-cp314t-manylinux_2_5_i686.manylinux1_i686.whl", hash = "sha256:85631d5b4d0e1eb9f9daacc43e6394efd8c65eb39c7a7e8458f0c3894108003c", size = 404137, upload-time = "2025-10-05T06:16:54.854Z" },
    { url = "https://files.pythonhosted.org/packages/3a/f8/b7ae14f5d3fc0e7c66b20c94d56fcf191cf588e33d0b653da022a31f32de/jh2-5.0.10-cp314-cp314t-musllinux_1_1_aarch64.whl", hash = "sha256:a9aec4760a6545a654f503d709456c1d8afb63b0ee876a1e11090b75f2fd7488", size = 560449, upload-time = "2025-10-05T06:16:56.278Z" },
    { url = "https://files.pythonhosted.org/packages/5b/6b/abc648a4149582733618e117d42e6b64d5f0885c4311b8108e2c2e667afc/jh2-5.0.10-cp314-cp314t-musllinux_1_1_armv7l.whl", hash = "sha256:028227ec9e44fb62e073b71ca391cb1f932c5c7da3981ccafff852df81d2b7f9", size = 653077, upload-time = "2025-10-05T06:16:57.903Z" },
    { url = "https://files.pythonhosted.org/packages/d5/ec/8ccf1a7dbdabba5cdc27220507dd839e9bc36bdd4c2bf990334642ad6b8b/jh2-5.0.10-cp314-cp314t-musllinux_1_1_i686.whl", hash = "sha256:2c2ed55a32735b91a0683c7b995433e39325fdf42c6ffc8e87d56606ac6235bb", size = 580386, upload-time = "2025-10-05T06:16:59.322Z" },
    { url = "https://files.pythonhosted.org/packages/0b/57/50eab697d39b2a4d790355e304c79b3c2ab22f7a4889396155a946b8956a/jh2-5.0.10-cp314-cp314t-musllinux_1_1_x86_64.whl", hash = "sha256:0075415d2a2dfdf3a8ddeaa51cf8d92fb3d7c90fa09cb9752c79ee54e960b9a8", size = 551533, upload-time = "2025-10-05T06:17:00.802Z" },
    { url = "https://files.pythonhosted.org/packages/56/f5/4f73015f4d65f1b3024043a2516062fd3f34846fe88433b3c3a0922ff5fd/jh2-5.0.10-cp314-cp314t-win32.whl", hash = "sha256:a8404e17a3d90c215e67be8a5ccb679eb9cf9bfeeec732521487b65ffaeac4a6", size = 234381, upload-time = "2025-10-05T06:17:02.558Z" },
    { url = "https://files.pythonhosted.org/packages/02/8d/61fcba06faeb9ab7d1ead7e2ef3db07264523f2d2fd463a4d2ec1780103a/jh2-5.0.10-cp314-cp314t-win_amd64.whl", hash = "sha256:5d664450ab1435f6a78c64e076c7ea22ffe779bafceb9c42600cce95ff20f927", size = 241614, upload-time = "2025-10-05T06:17:03.732Z" },
    { url = "https://files.pythonhosted.org/packages/02/67/6641130f5f4f3e9e9254121267b0e7c2423863e8c1a46ee097098e7ede8f/jh2-5.0.10-cp314-cp314t-win_arm64.whl", hash = "sha256:ad6d18301f2162996d679be6759c6a120325b58a196231220b7a809e034280ed", size = 237355, upload-time = "2025-10-05T06:17:04.931Z" },
    { url = "https://files.pythonhosted.org/packages/63/8f/fe337b9104ab3a444a7b20baffc3dd54f3227a44f3037aba2a30bf36fefd/jh2-5.0.10-cp37-abi3-macosx_10_12_x86_64.macosx_11_0_arm64.macosx_10_12_universal2.whl", hash = "sha256:7c2918379cce3352b6d40717ed3d5b06da6e6c17253317302cab2f0dbff62a5d", size = 622842, upload-time = "2025-10-05T06:17:06.121Z" },
    { url = "https://files.pythonhosted.org/packages/63/37/f3c59f62e771755b31b6d1ce9124d4ab40bc3a2206116bfd879a33c1b02f/jh2-5.0.10-cp37-abi3-manylinux_2_17_aarch64.manylinux2014_aarch64.whl", hash = "sha256:bd229bbe7dfdf499394fa8453c92e2ea19de47c80afc1efaec7f85704be97717", size = 385674, upload-time = "2025-10-05T06:17:07.369Z" },
    { url = "https://files.pythonhosted.org/packages/03/9d/719cfd3afab6bb9115f574687fa24ea5731267ee9701439e30e06a45f468/jh2-5.0.10-cp37-abi3-manylinux_2_17_armv7l.manylinux2014_armv7l.whl", hash = "sha256:36e9b5fb9cd8872846d031fae442df1b5c83f4dd29ef1dd1c3f70afd86fe8fc3", size = 396276, upload-time = "2025-10-05T06:17:08.933Z" },
    { url = "https://files.pythonhosted.org/packages/22/63/1f36ff610684f2cb177218c700d3a3f4f87aad4d45a6e3f59feb360812c6/jh2-5.0.10-cp37-abi3-manylinux_2_17_ppc64.manylinux2014_ppc64.whl", hash = "sha256:217af8256551627b9253737a866c05ce5f6c49f171c099260b76915239cfb13a", size = 532742, upload-time = "2025-10-05T06:17:10.396Z" },
    { url = "https://files.pythonhosted.org/packages/59/c5/063fe0b930c0b15e8c0376d9d6cc20dcc3179823e6f456c1a571db1d27c4/jh2-5.0.10-cp37-abi3-manylinux_2_17_ppc64le.manylinux2014_ppc64le.whl", hash = "sha256:e20e3d747c4022d890865fb25f2e8b3ff6cbacf7556f29155dcfbff592d96202", size = 525320, upload-time = "2025-10-05T06:17:12.187Z" },
    { url = "https://files.pythonhosted.org/packages/e8/7a/c1f4a961554f6b521bfc75320264c0bde50210c11a206719e0c98c17e617/jh2-5.0.10-cp37-abi3-manylinux_2_17_s390x.manylinux2014_s390x.whl", hash = "sha256:6ea77b8b6b7defb67cbec69340e653495b36881671e9f0ac395cdd6b27144000", size = 416184, upload-time = "2025-10-05T06:17:13.428Z" },
    { url = "https://files.pythonhosted.org/packages/37/c9/75fdfd2ef673accba9b1ace28ffa2aaced23fba3209ac73521e441ae2265/jh2-5.0.10-cp37-abi3-manylinux_2_17_x86_64.manylinux2014_x86_64.whl", hash = "sha256:3fd6b5b2d4d38e089ac982ea341b36f2cb827c0765217e6b8f3e58a409290e6f", size = 394145, upload-time = "2025-10-05T06:17:14.673Z" },
    { url = "https://files.pythonhosted.org/packages/52/5e/38b1b14182afcebf89d542b7a2e4cd4d7deaf9e4cae0a45b0a85115f0da7/jh2-5.0.10-cp37-abi3-manylinux_2_5_i686.manylinux1_i686.whl", hash = "sha256:4c3d38121a1ddc2ffc769f09aaaa4c7e67f89e25c578921326b515402176e7cf", size = 411333, upload-time = "2025-10-05T06:17:15.913Z" },
    { url = "https://files.pythonhosted.org/packages/a8/04/10383a467f24d2643013f784bca4ddb81dc9d0d81641a846b71bd0aa64e0/jh2-5.0.10-cp37-abi3-musllinux_1_1_aarch64.whl", hash = "sha256:33e4ac058acf8f3f89ea1375deb33ac61713d60fb9e3333bd079f3602425739c", size = 565892, upload-time = "2025-10-05T06:17:17.517Z" },
    { url = "https://files.pythonhosted.org/packages/9d/1a/b416bd65176593b405320bfd763ddc9cae3941fe96c7055ec1c46e081ebd/jh2-5.0.10-cp37-abi3-musllinux_1_1_armv7l.whl", hash = "sha256:86571f18274d7a5a7e6406e156a9f27fa1a72203a176921ea234c4a11fe0e105", size = 659878, upload-time = "2025-10-05T06:17:18.972Z" },
    { url = "https://files.pythonhosted.org/packages/a9/2d/e4c3b90585e92676777e9bcb9218ce97552f0c9797cec142d549904ca67b/jh2-5.0.10-cp37-abi3-musllinux_1_1_i686.whl", hash = "sha256:62f0842b5f8da463b6a548a8c2a7e69fa709888d03c997486390097341e88e09", size = 587129, upload-time = "2025-10-05T06:17:20.669Z" },
    { url = "https://files.pythonhosted.org/packages/98/d5/3e89d65bb6bbcdaa14236e9ec8f643cf77a5809d7315ce1208f0ef53927c/jh2-5.0.10-cp37-abi3-musllinux_1_1_x86_64.whl", hash = "sha256:f3b6401f089a65b87f2e5beffe81666a1c2ab1d90e8406cd49c756d66881bedc", size = 556811, upload-time = "2025-10-05T06:17:22.37Z" },
    { url = "https://files.pythonhosted.org/packages/7d/8c/a05403065463ef759059d75e0862c94aa60d2019a7dcd41d716f6d8d6c32/jh2-5.0.10-cp37-abi3-win32.whl", hash = "sha256:7b79771bd366a11a36041f49cabc7876047cf1b99cee89df1333e6890f66d973", size = 239474, upload-time = "2025-10-05T06:17:23.637Z" },
    { url = "https://files.pythonhosted.org/packages/96/ac/92f97f07f748bdc9280c5d50e787773bef188c29c32f6804f2fc72cca725/jh2-5.0.10-cp37-abi3-win_amd64.whl", hash = "sha256:9c730e3f40f22bd4ff0ab63ee41d70ee22aa1cc54e5cb295ae0ac3b0a016af3e", size = 246320, upload-time = "2025-10-05T06:17:25.313Z" },
    { url = "https://files.pythonhosted.org/packages/f0/ad/e9f4035ddd847efe26914da64f9d54198bf5b0bdcfd0e8bbcf6a328e1f7c/jh2-5.0.10-cp37-abi3-win_arm64.whl", hash = "sha256:d18eccec757374afca8de31bf012a888fb82903d5803e84f2e6f0b707478ced6", size = 241790, upload-time = "2025-10-05T06:17:26.488Z" },
    { url = "https://files.pythonhosted.org/packages/93/57/d0fcb025736e24cb68c4e250cc4cf63a87b7e0bd7285e188c543018d05c1/jh2-5.0.10-py3-none-any.whl", hash = "sha256:1808c0e5d355c60485bb282b34c6aa3f15069b2634eb44779fb9f3bda0256ac0", size = 98099, upload-time = "2025-10-05T06:18:58.203Z" },
]

[[package]]
name = "loguru"
version = "0.7.3"
source = { registry = "https://pypi.org/simple" }
dependencies = [
    { name = "colorama", marker = "sys_platform == 'win32'" },
    { name = "win32-setctime", marker = "sys_platform == 'win32'" },
]
sdist = { url = "https://files.pythonhosted.org/packages/3a/05/a1dae3dffd1116099471c643b8924f5aa6524411dc6c63fdae648c4f1aca/loguru-0.7.3.tar.gz", hash = "sha256:19480589e77d47b8d85b2c827ad95d49bf31b0dcde16593892eb51dd18706eb6", size = 63559, upload-time = "2024-12-06T11:20:56.608Z" }
wheels = [
    { url = "https://files.pythonhosted.org/packages/0c/29/0348de65b8cc732daa3e33e67806420b2ae89bdce2b04af740289c5c6c8c/loguru-0.7.3-py3-none-any.whl", hash = "sha256:31a33c10c8e1e10422bfd431aeb5d351c7cf7fa671e3c4df004162264b28220c", size = 61595, upload-time = "2024-12-06T11:20:54.538Z" },
]

[[package]]
name = "niquests"
version = "3.18.2"
source = { registry = "https://pypi.org/simple" }
dependencies = [
    { name = "charset-normalizer" },
    { name = "urllib3-future" },
    { name = "wassima", marker = "sys_platform != 'emscripten'" },
]
sdist = { url = "https://files.pythonhosted.org/packages/e4/a1/5ff5fa24486f14e8b0960b21e6a58d5105c585beba152c7cac695ca48785/niquests-3.18.2.tar.gz", hash = "sha256:12256e7ecaccc498d9cccd9f4116b91abab812bace37966f3f439e92e26195b9", size = 1019871, upload-time = "2026-03-12T06:38:34.463Z" }
wheels = [
    { url = "https://files.pythonhosted.org/packages/10/eb/bc4bbd57d76941046619d66453c1ae5910d408f233dc75c54f90630502e9/niquests-3.18.2-py3-none-any.whl", hash = "sha256:930b43cb8633029e7acb4e8ff41607eca3b01a8e30f1806eed6734c74266b42c", size = 207682, upload-time = "2026-03-12T06:38:32.481Z" },
]

[[package]]
name = "qh3"
version = "1.6.0"
source = { registry = "https://pypi.org/simple" }
wheels = [
    { url = "https://files.pythonhosted.org/packages/01/0a/111697864dc553b70cbd7938abe6cbc8466806699a226cc0029f09f1c8c1/qh3-1.6.0-cp314-cp314t-macosx_10_12_x86_64.macosx_11_0_arm64.macosx_10_12_universal2.whl", hash = "sha256:e2dba2d9a868ce3f7aa50d0c18cbb8f184173acf26bdfecac58903315d6fcf96", size = 4489384, upload-time = "2026-03-01T10:25:30.029Z" },
    { url = "https://files.pythonhosted.org/packages/8d/a6/598ac6704208bbead89ae2d4b79d3cc68981c1ee460fdca066dc43a27bcb/qh3-1.6.0-cp314-cp314t-manylinux_2_17_aarch64.manylinux2014_aarch64.whl", hash = "sha256:6a95810ec18b8cd726c149e3077d94b75d3a184ea61d42da34c183bf89976430", size = 2219974, upload-time = "2026-03-01T10:25:31.418Z" },
    { url = "https://files.pythonhosted.org/packages/6f/64/58b6752ff7fc68ea193d24bc698721c4ae55a62db812c66aee30b602b58f/qh3-1.6.0-cp314-cp314t-manylinux_2_17_armv7l.manylinux2014_armv7l.whl", hash = "sha256:9f7482b45895cc825b53b1e0fddbee3ac0992f654eab5bc7067c55f6d721af4b", size = 1934782, upload-time = "2026-03-01T10:25:32.874Z" },
    { url = "https://files.pythonhosted.org/packages/4a/1f/4b331cae166eeb88205ce87d129effb4bf867c1630896dbcd318bc1c6513/qh3-1.6.0-cp314-cp314t-manylinux_2_17_i686.manylinux2014_i686.whl", hash = "sha256:0cb51255b3fe9992c6b15dc4cafbabd49f3487342095acbc6427123a60887ab9", size = 2059995, upload-time = "2026-03-01T10:25:34.511Z" },
    { url = "https://files.pythonhosted.org/packages/9e/d6/010b89b6bfce5b17b6e9c865359518e2be8d6e8c3d343a65a24a97b43f44/qh3-1.6.0-cp314-cp314t-manylinux_2_17_ppc64.manylinux2014_ppc64.whl", hash = "sha256:fa44697965215f431d1be32cb7e62813d1a2eb1999c16170aee77d0933c9c8ec", size = 2050319, upload-time = "2026-03-01T10:25:39.586Z" },
    { url = "https://files.pythonhosted.org/packages/85/1b/5a2b1d4459c05d99ba7dddce79a2ac06305ceea80936a15191c04b51753a/qh3-1.6.0-cp314-cp314t-manylinux_2_17_ppc64le.manylinux2014_ppc64le.whl", hash = "sha256:f1dfd2b805f60a337f74a9d4a82d267707c38a483978ce1ba9b9740b8c98318d", size = 2042786, upload-time = "2026-03-01T10:25:37.524Z" },
    { url = "https://files.pythonhosted.org/packages/f2/c6/6fd0fc3f55a3b3011b2693951b72b7fdbe8500851bdc4a6ac8702f77034e/qh3-1.6.0-cp314-cp314t-manylinux_2_17_s390x.manylinux2014_s390x.whl", hash = "sha256:4ccae9741133f0ebfc94dd11ddc84406ba7e5df5f7c1b72cfa002fe7a37b2a00", size = 2117011, upload-time = "2026-03-01T10:25:41.442Z" },
    { url = "https://files.pythonhosted.org/packages/60/b2/0a8a9c426d0afdc49c09591a660e287850d4ea31385de46df8080c2b590b/qh3-1.6.0-cp314-cp314t-manylinux_2_17_x86_64.manylinux2014_x86_64.whl", hash = "sha256:72bdee28ff3d7ede992cfef02dd44a6b01e10bc7743cd2a37721fdae81da709e", size = 2406410, upload-time = "2026-03-01T10:25:43.299Z" },
    { url = "https://files.pythonhosted.org/packages/94/32/102140aceb087877e2a1f46fa10440954d7ab9c772eb700e04712cb9d6a7/qh3-1.6.0-cp314-cp314t-manylinux_2_39_riscv64.whl", hash = "sha256:a45b9e19983bf5834e9b4cf1b337153964c84fdf328b7314282ab5eee5676f99", size = 2060820, upload-time = "2026-03-01T10:25:44.762Z" },
    { url = "https://files.pythonhosted.org/packages/10/da/c47afb4c81a2cd6054b0ce8e3647d3b268044585ce9d1ba8c9ecc452c180/qh3-1.6.0-cp314-cp314t-musllinux_1_1_aarch64.whl", hash = "sha256:1f03d466ddf9c0fa1ed5b3f3f908441ab27091153c4ad1471131efa3ca2265ef", size = 2410155, upload-time = "2026-03-01T10:25:46.666Z" },
    { url = "https://files.pythonhosted.org/packages/20/8e/7e5446dc323e9678ea252b017736ab8b1fd884860975a9964d14eef8df23/qh3-1.6.0-cp314-cp314t-musllinux_1_1_armv7l.whl", hash = "sha256:218687f27b0560335159238b67f639437011d47316b33422366760e8208ab2dd", size = 2201684, upload-time = "2026-03-01T10:25:48.639Z" },
    { url = "https://files.pythonhosted.org/packages/cb/96/1ebfcdc4f3592512054e835488616c1f3fcfc88a85340b0450c5ee6673a7/qh3-1.6.0-cp314-cp314t-musllinux_1_1_i686.whl", hash = "sha256:b23b657a23cc4114d19e4fd06ca02615a327dc2ad986d173e73f5c95ab877ead", size = 2255480, upload-time = "2026-03-01T10:25:50.45Z" },
    { url = "https://files.pythonhosted.org/packages/22/bf/a4399cffb32bc8039945fc0b094f8aa301db6e9c9b2354f14cc7010d3770/qh3-1.6.0-cp314-cp314t-musllinux_1_1_riscv64.whl", hash = "sha256:fbaa8a5801079af724671eaf380bb6d3c4ce17af4f261b6200271c6d4169b149", size = 2167738, upload-time = "2026-03-01T10:25:52.227Z" },
    { url = "https://files.pythonhosted.org/packages/3d/78/47169e2550d423dc6be0815c8af9adb09b7951373f0822a00b33ba32f209/qh3-1.6.0-cp314-cp314t-musllinux_1_1_x86_64.whl", hash = "sha256:e6b9f1544830aeca311211b4ce07bd57f87533672dfe1f7ed326d23ee9564a93", size = 2630006, upload-time = "2026-03-01T10:25:53.757Z" },
    { url = "https://files.pythonhosted.org/packages/d1/49/ec489b75ec15d865a599870e875dea4cd85c6c9140deba26bf0e15c64fad/qh3-1.6.0-cp314-cp314t-win32.whl", hash = "sha256:49c0a4e98e2609734999b09a342e9c5620e70ed35bf08e4ffe3941c0d36221ab", size = 1784809, upload-time = "2026-03-01T10:25:55.792Z" },
    { url = "https://files.pythonhosted.org/packages/69/1e/0e8e224d9e7252f054536d6b98197e70d024450bb7dbc4e4e3c09b4d31fc/qh3-1.6.0-cp314-cp314t-win_amd64.whl", hash = "sha256:3bde20472c13a3490e05c56dc76826e097f516bdef4b394171e5f04159965385", size = 2040524, upload-time = "2026-03-01T10:25:57.431Z" },
    { url = "https://files.pythonhosted.org/packages/ee/30/6c9689534eb6b47f1d56c67381f062c090e2fa6a38785b5c3e96e1d95be6/qh3-1.6.0-cp37-abi3-macosx_10_12_x86_64.macosx_11_0_arm64.macosx_10_12_universal2.whl", hash = "sha256:e3f50196af52f72b648eeee1835d5f8204e69a5992e3b8b894e351c5eddc7bc2", size = 4505677, upload-time = "2026-03-01T10:25:59.472Z" },
    { url = "https://files.pythonhosted.org/packages/c8/d2/25007f01434ce128e833af337ae6c649aa592b0450b4aad5c5fecf6f868d/qh3-1.6.0-cp37-abi3-manylinux_2_17_aarch64.manylinux2014_aarch64.whl", hash = "sha256:00c7098ba551043c6037fbb65c0ea6298e8961eb6dace74806ac521388521a83", size = 2227542, upload-time = "2026-03-01T10:26:02.042Z" },
    { url = "https://files.pythonhosted.org/packages/b6/41/77bcaa7198f86bce0f0beda24a4dfa79a98b5376725a98ab8c2592e30ab0/qh3-1.6.0-cp37-abi3-manylinux_2_17_armv7l.manylinux2014_armv7l.whl", hash = "sha256:d5bf978e4b9a43a1d88170fed969f416b34e54a76e8fee37248ff14d8b39a355", size = 1937610, upload-time = "2026-03-01T10:26:03.5Z" },
    { url = "https://files.pythonhosted.org/packages/46/04/e4aaed0362bef48a15e64870f62e230ce49e39595f1cafc1f8506494bd89/qh3-1.6.0-cp37-abi3-manylinux_2_17_i686.manylinux2014_i686.whl", hash = "sha256:6bf9c089f8a19077b360ba8c2910af140ec05a92b0941e95f1469a8750735842", size = 2065183, upload-time = "2026-03-01T10:26:05.337Z" },
    { url = "https://files.pythonhosted.org/packages/c8/9e/def2840f89cc95274b526e1bc357325377563b1b7d972a2504e643f675fd/qh3-1.6.0-cp37-abi3-manylinux_2_17_ppc64.manylinux2014_ppc64.whl", hash = "sha256:f54347d8711da00af472be98462eb17e923591db5c6f3e1cf498ac9974eccc97", size = 2057158, upload-time = "2026-03-01T10:26:08.48Z" },
    { url = "https://files.pythonhosted.org/packages/9e/7d/8200bdb8276f6adb98eac846b5a7e0b509e25b5ac125d8bd5eaafe15f94b/qh3-1.6.0-cp37-abi3-manylinux_2_17_ppc64le.manylinux2014_ppc64le.whl", hash = "sha256:0918a1a8cc9fc9ef9138dfedc56884c904bf623a411da45f49ebd010ef2257d1", size = 2046926, upload-time = "2026-03-01T10:26:06.972Z" },
    { url = "https://files.pythonhosted.org/packages/26/d5/7e251217c523388e9e70a3816c664dcaa81cc8d789be0dce15cb99028e6c/qh3-1.6.0-cp37-abi3-manylinux_2_17_s390x.manylinux2014_s390x.whl", hash = "sha256:f3644c25e125d3dedbfadc9f2f5ac5f09b947091777fa7ec14e1e42455db0c84", size = 2121111, upload-time = "2026-03-01T10:26:10.047Z" },
    { url = "https://files.pythonhosted.org/packages/85/e9/364d72f7b5c33ed7fbd002aadc3d3da14dc32b0262d7069f197dabf942dc/qh3-1.6.0-cp37-abi3-manylinux_2_17_x86_64.manylinux2014_x86_64.whl", hash = "sha256:c86f7b66c2effc48b9b5061115562cb4061bf1dcdc86cbf03856b24ac555accd", size = 2412779, upload-time = "2026-03-01T10:26:12.341Z" },
    { url = "https://files.pythonhosted.org/packages/ce/c9/3e58a3d875540b1fe01762aafbcb0ea0e6afd530e27c459ae29a69e7c363/qh3-1.6.0-cp37-abi3-manylinux_2_39_riscv64.whl", hash = "sha256:15a2bd2fe6253978084615645177c8b5b0f92f8f8c2ea0147cc477f9ddd920e2", size = 2066987, upload-time = "2026-03-01T10:26:14.34Z" },
    { url = "https://files.pythonhosted.org/packages/21/d1/28ed9b985cf7b01ca0148c58c21b54d4c140ed5684357f842441e0f0b749/qh3-1.6.0-cp37-abi3-musllinux_1_1_aarch64.whl", hash = "sha256:9ed8bc4e967a016e41e41d2b421fbd9f9466c7fa8c051e857a3e4634c2d5caf0", size = 2413762, upload-time = "2026-03-01T10:26:16.269Z" },
    { url = "https://files.pythonhosted.org/packages/20/79/34559bc78845d9dad60c08074124bf76a2f94df954441b137f6924554cd5/qh3-1.6.0-cp37-abi3-musllinux_1_1_armv7l.whl", hash = "sha256:74040b3b08b695e991e0d2083c1abd0721ab93fea0ab963bfb0b999f8b663d50", size = 2206061, upload-time = "2026-03-01T10:26:17.933Z" },
    { url = "https://files.pythonhosted.org/packages/f8/86/9b9e0dc87045676bc849b7139f4f7c732cbc6b2007833991a06599c25145/qh3-1.6.0-cp37-abi3-musllinux_1_1_i686.whl", hash = "sha256:747a401a5e53c0374121dbf5ccaaab95865534ef25620ed77afb6899f07cd3fa", size = 2259193, upload-time = "2026-03-01T10:26:19.436Z" },
    { url = "https://files.pythonhosted.org/packages/e2/44/4b0dcdfd23de0c35629c09f9500e61b58e2947afae6e214fb71095d20ee8/qh3-1.6.0-cp37-abi3-musllinux_1_1_riscv64.whl", hash = "sha256:d9dc249ef6a08d7b1ef836dca9323916bffde8fad982345a71933264a2797482", size = 2171788, upload-time = "2026-03-01T10:26:21.21Z" },
    { url = "https://files.pythonhosted.org/packages/7d/d4/ad800a588a34e32aecd3f510569f450135f63c77acb7d80877df3e3cbdd1/qh3-1.6.0-cp37-abi3-musllinux_1_1_x86_64.whl", hash = "sha256:2b593bf3728a8aa271540bc6bbff8b2dde406743433e27d418873ea040cf5da7", size = 2634037, upload-time = "2026-03-01T10:26:23.03Z" },
    { url = "https://files.pythonhosted.org/packages/73/9f/d3793aaf6a51b2509c93ca69b9ca9f8532c3856c65f140c3aaf7a63e64f1/qh3-1.6.0-cp37-abi3-win32.whl", hash = "sha256:a18ae99a1346963aa3cf4172c05eb6873395995edcc7ba53bda5aeaa2d4f7023", size = 1791065, upload-time = "2026-03-01T10:26:25.483Z" },
    { url = "https://files.pythonhosted.org/packages/ba/32/9b2acecfacd214f9255fea86806964dd2b24ac9b661c735056106dea2b60/qh3-1.6.0-cp37-abi3-win_amd64.whl", hash = "sha256:b97f9261bd5563af1597d242a1fbbb78e1b442d40b6db363da596fe15f66f572", size = 2049375, upload-time = "2026-03-01T10:26:27.432Z" },
]

[[package]]
name = "tevere"
version = "0.1.0"
source = { virtual = "." }
dependencies = [
    { name = "loguru" },
    { name = "niquests" },
]

[package.metadata]
requires-dist = [
    { name = "loguru", specifier = ">=0.7.3" },
    { name = "niquests", specifier = ">=3.18.2" },
]

[[package]]
name = "urllib3-future"
version = "2.17.902"
source = { registry = "https://pypi.org/simple" }
dependencies = [
    { name = "h11" },
    { name = "jh2" },
    { name = "qh3", marker = "(platform_machine == 'AMD64' and platform_python_implementation == 'CPython' and sys_platform == 'darwin') or (platform_machine == 'ARM64' and platform_python_implementation == 'CPython' and sys_platform == 'darwin') or (platform_machine == 'aarch64' and platform_python_implementation == 'CPython' and sys_platform == 'darwin') or (platform_machine == 'arm64' and platform_python_implementation == 'CPython' and sys_platform == 'darwin') or (platform_machine == 'armv7l' and platform_python_implementation == 'CPython' and sys_platform == 'darwin') or (platform_machine == 'i686' and platform_python_implementation == 'CPython' and sys_platform == 'darwin') or (platform_machine == 'ppc64' and platform_python_implementation == 'CPython' and sys_platform == 'darwin') or (platform_machine == 'ppc64le' and platform_python_implementation == 'CPython' and sys_platform == 'darwin') or (platform_machine == 'riscv64' and platform_python_implementation == 'CPython' and sys_platform == 'darwin') or (platform_machine == 'riscv64gc' and platform_python_implementation == 'CPython' and sys_platform == 'darwin') or (platform_machine == 's390x' and platform_python_implementation == 'CPython' and sys_platform == 'darwin') or (platform_machine == 'x86' and platform_python_implementation == 'CPython' and sys_platform == 'darwin') or (platform_machine == 'x86_64' and platform_python_implementation == 'CPython' and sys_platform == 'darwin') or (platform_machine == 'AMD64' and platform_python_implementation == 'CPython' and sys_platform == 'linux') or (platform_machine == 'ARM64' and platform_python_implementation == 'CPython' and sys_platform == 'linux') or (platform_machine == 'aarch64' and platform_python_implementation == 'CPython' and sys_platform == 'linux') or (platform_machine == 'arm64' and platform_python_implementation == 'CPython' and sys_platform == 'linux') or (platform_machine == 'armv7l' and platform_python_implementation == 'CPython' and sys_platform == 'linux') or (platform_machine == 'i686' and platform_python_implementation == 'CPython' and sys_platform == 'linux') or (platform_machine == 'ppc64' and platform_python_implementation == 'CPython' and sys_platform == 'linux') or (platform_machine == 'ppc64le' and platform_python_implementation == 'CPython' and sys_platform == 'linux') or (platform_machine == 'riscv64' and platform_python_implementation == 'CPython' and sys_platform == 'linux') or (platform_machine == 'riscv64gc' and platform_python_implementation == 'CPython' and sys_platform == 'linux') or (platform_machine == 's390x' and platform_python_implementation == 'CPython' and sys_platform == 'linux') or (platform_machine == 'x86' and platform_python_implementation == 'CPython' and sys_platform == 'linux') or (platform_machine == 'x86_64' and platform_python_implementation == 'CPython' and sys_platform == 'linux') or (platform_machine == 'AMD64' and platform_python_implementation == 'CPython' and sys_platform == 'win32') or (platform_machine == 'ARM64' and platform_python_implementation == 'CPython' and sys_platform == 'win32') or (platform_machine == 'aarch64' and platform_python_implementation == 'CPython' and sys_platform == 'win32') or (platform_machine == 'arm64' and platform_python_implementation == 'CPython' and sys_platform == 'win32') or (platform_machine == 'armv7l' and platform_python_implementation == 'CPython' and sys_platform == 'win32') or (platform_machine == 'i686' and platform_python_implementation == 'CPython' and sys_platform == 'win32') or (platform_machine == 'ppc64' and platform_python_implementation == 'CPython' and sys_platform == 'win32') or (platform_machine == 'ppc64le' and platform_python_implementation == 'CPython' and sys_platform == 'win32') or (platform_machine == 'riscv64' and platform_python_implementation == 'CPython' and sys_platform == 'win32') or (platform_machine == 'riscv64gc' and platform_python_implementation == 'CPython' and sys_platform == 'win32') or (platform_machine == 's390x' and platform_python_implementation == 'CPython' and sys_platform == 'win32') or (platform_machine == 'x86' and platform_python_implementation == 'CPython' and sys_platform == 'win32') or (platform_machine == 'x86_64' and platform_python_implementation == 'CPython' and sys_platform == 'win32')" },
]
sdist = { url = "https://files.pythonhosted.org/packages/d0/5d/1734b8620db3a0737f04af4da063cdc35f35d43a796818bb29e1e436dbe5/urllib3_future-2.17.902.tar.gz", hash = "sha256:3cf3143a082861678618b7a75b80e3099f63581bb594d03d62d97be48c03253a", size = 1139215, upload-time = "2026-03-16T08:13:09.919Z" }
wheels = [
    { url = "https://files.pythonhosted.org/packages/0c/b8/cd09a70f74e5e925c87ec8a95b99d0bae56426a5b50034b835516a443647/urllib3_future-2.17.902-py3-none-any.whl", hash = "sha256:bf9607cf0310d7b1bc32a9037d66d2b7ed8093b6ae6442705eab31d0843b9a40", size = 707804, upload-time = "2026-03-16T08:13:07.929Z" },
]

[[package]]
name = "wassima"
version = "2.0.5"
source = { registry = "https://pypi.org/simple" }
sdist = { url = "https://files.pythonhosted.org/packages/6f/e6/4f9413cd115fe724fcc0ea83db1d43fdeb8dff59ea5d55e7788a946b0afd/wassima-2.0.5.tar.gz", hash = "sha256:91a0da50799d9b4ef7a85f23a37c9aabe629f75c2dd9616ee4abc1f4c17d10a7", size = 143472, upload-time = "2026-02-07T16:52:34.484Z" }
wheels = [
    { url = "https://files.pythonhosted.org/packages/e3/d9/e81c8de18b3edd22e1884ed6b8cfc2ce260addb110fd519781ea54274e38/wassima-2.0.5-py3-none-any.whl", hash = "sha256:e60b567b26b87c83ff310a191d9c584113f13c0bcea0564f92e7630b17da319b", size = 138778, upload-time = "2026-02-07T16:52:32.844Z" },
]

[[package]]
name = "win32-setctime"
version = "1.2.0"
source = { registry = "https://pypi.org/simple" }
sdist = { url = "https://files.pythonhosted.org/packages/b3/8f/705086c9d734d3b663af0e9bb3d4de6578d08f46b1b101c2442fd9aecaa2/win32_setctime-1.2.0.tar.gz", hash = "sha256:ae1fdf948f5640aae05c511ade119313fb6a30d7eabe25fef9764dca5873c4c0", size = 4867, upload-time = "2024-12-07T15:28:28.314Z" }
wheels = [
    { url = "https://files.pythonhosted.org/packages/e1/07/c6fe3ad3e685340704d314d765b7912993bcb8dc198f0e7a89382d37974b/win32_setctime-1.2.0-py3-none-any.whl", hash = "sha256:95d644c4e708aba81dc3704a116d8cbc974d70b3bdb8be1d150e36be6e9d1390", size = 4083, upload-time = "2024-12-07T15:28:26.465Z" },
]
